// !$*UTF8*$!
{
	archiveVersion = 1;
	classes = {
	};
	objectVersion = 50;
	objects = {

/* Begin PBXBuildFile section */
		033244BE2289307D005C743C /* AppDelegate.swift in Sources */ = {isa = PBXBuildFile; fileRef = 033244BD2289307D005C743C /* AppDelegate.swift */; };
		033244C02289307D005C743C /* ViewController.swift in Sources */ = {isa = PBXBuildFile; fileRef = 033244BF2289307D005C743C /* ViewController.swift */; };
		033244C32289307D005C743C /* Main.storyboard in Resources */ = {isa = PBXBuildFile; fileRef = 033244C12289307D005C743C /* Main.storyboard */; };
		033244C52289307E005C743C /* Assets.xcassets in Resources */ = {isa = PBXBuildFile; fileRef = 033244C42289307E005C743C /* Assets.xcassets */; };
		033244C82289307E005C743C /* LaunchScreen.storyboard in Resources */ = {isa = PBXBuildFile; fileRef = 033244C62289307E005C743C /* LaunchScreen.storyboard */; };
		71882172A06E3FFA783FC7DC /* Pods_FinalProj.framework in Frameworks */ = {isa = PBXBuildFile; fileRef = F7CEEC8514E04D42E07C975E /* Pods_FinalProj.framework */; };
/* End PBXBuildFile section */

/* Begin PBXFileReference section */
		033244BA2289307D005C743C /* FinalProj.app */ = {isa = PBXFileReference; explicitFileType = wrapper.application; includeInIndex = 0; path = FinalProj.app; sourceTree = BUILT_PRODUCTS_DIR; };
		033244BD2289307D005C743C /* AppDelegate.swift */ = {isa = PBXFileReference; lastKnownFileType = sourcecode.swift; path = AppDelegate.swift; sourceTree = "<group>"; };
		033244BF2289307D005C743C /* ViewController.swift */ = {isa = PBXFileReference; lastKnownFileType = sourcecode.swift; path = ViewController.swift; sourceTree = "<group>"; };
		033244C22289307D005C743C /* Base */ = {isa = PBXFileReference; lastKnownFileType = file.storyboard; name = Base; path = Base.lproj/Main.storyboard; sourceTree = "<group>"; };
		033244C42289307E005C743C /* Assets.xcassets */ = {isa = PBXFileReference; lastKnownFileType = folder.assetcatalog; path = Assets.xcassets; sourceTree = "<group>"; };
		033244C72289307E005C743C /* Base */ = {isa = PBXFileReference; lastKnownFileType = file.storyboard; name = Base; path = Base.lproj/LaunchScreen.storyboard; sourceTree = "<group>"; };
		033244C92289307E005C743C /* Info.plist */ = {isa = PBXFileReference; lastKnownFileType = text.plist.xml; path = Info.plist; sourceTree = "<group>"; };
		A376D24F5379C33E90DA2783 /* Pods-FinalProj.release.xcconfig */ = {isa = PBXFileReference; includeInIndex = 1; lastKnownFileType = text.xcconfig; name = "Pods-FinalProj.release.xcconfig"; path = "Target Support Files/Pods-FinalProj/Pods-FinalProj.release.xcconfig"; sourceTree = "<group>"; };
		C9B65C259E9BF7A869A34D82 /* Pods-FinalProj.debug.xcconfig */ = {isa = PBXFileReference; includeInIndex = 1; lastKnownFileType = text.xcconfig; name = "Pods-FinalProj.debug.xcconfig"; path = "Target Support Files/Pods-FinalProj/Pods-FinalProj.debug.xcconfig"; sourceTree = "<group>"; };
		F7CEEC8514E04D42E07C975E /* Pods_FinalProj.framework */ = {isa = PBXFileReference; explicitFileType = wrapper.framework; includeInIndex = 0; path = Pods_FinalProj.framework; sourceTree = BUILT_PRODUCTS_DIR; };
/* End PBXFileReference section */

/* Begin PBXFrameworksBuildPhase section */
		033244B72289307D005C743C /* Frameworks */ = {
			isa = PBXFrameworksBuildPhase;
			buildActionMask = 2147483647;
			files = (
				71882172A06E3FFA783FC7DC /* Pods_FinalProj.framework in Frameworks */,
			);
			runOnlyForDeploymentPostprocessing = 0;
		};
/* End PBXFrameworksBuildPhase section */

/* Begin PBXGroup section */
		033244B12289307D005C743C = {
			isa = PBXGroup;
			children = (
				033244BC2289307D005C743C /* FinalProj */,
				033244BB2289307D005C743C /* Products */,
				78B61485C7D6B1E5CBDEF64B /* Pods */,
				54E3403B6B2139B4D3F727E6 /* Frameworks */,
			);
			sourceTree = "<group>";
		};
		033244BB2289307D005C743C /* Products */ = {
			isa = PBXGroup;
			children = (
				033244BA2289307D005C743C /* FinalProj.app */,
			);
			name = Products;
			sourceTree = "<group>";
		};
		033244BC2289307D005C743C /* FinalProj */ = {
			isa = PBXGroup;
			children = (
				033244BD2289307D005C743C /* AppDelegate.swift */,
				033244BF2289307D005C743C /* ViewController.swift */,
				033244C12289307D005C743C /* Main.storyboard */,
				033244C42289307E005C743C /* Assets.xcassets */,
				033244C62289307E005C743C /* LaunchScreen.storyboard */,
				033244C92289307E005C743C /* Info.plist */,
			);
			path = FinalProj;
			sourceTree = "<group>";
		};
		54E3403B6B2139B4D3F727E6 /* Frameworks */ = {
			isa = PBXGroup;
			children = (
				F7CEEC8514E04D42E07C975E /* Pods_FinalProj.framework */,
			);
			name = Frameworks;
			sourceTree = "<group>";
		};
		78B61485C7D6B1E5CBDEF64B /* Pods */ = {
			isa = PBXGroup;
			children = (
				C9B65C259E9BF7A869A34D82 /* Pods-FinalProj.debug.xcconfig */,
				A376D24F5379C33E90DA2783 /* Pods-FinalProj.release.xcconfig */,
			);
			name = Pods;
			path = Pods;
			sourceTree = "<group>";
		};
/* End PBXGroup section */

/* Begin PBXNativeTarget section */
		033244B92289307D005C743C /* FinalProj */ = {
			isa = PBXNativeTarget;
			buildConfigurationList = 033244CC2289307F005C743C /* Build configuration list for PBXNativeTarget "FinalProj" */;
			buildPhases = (
				E7A1140B6BCF752D4BDCE902 /* [CP] Check Pods Manifest.lock */,
				033244B62289307D005C743C /* Sources */,
				033244B72289307D005C743C /* Frameworks */,
				033244B82289307D005C743C /* Resources */,
				C25D253B4EBF246FB5F44463 /* [CP] Embed Pods Frameworks */,
			);
			buildRules = (
			);
			dependencies = (
			);
			name = FinalProj;
			productName = FinalProj;
			productReference = 033244BA2289307D005C743C /* FinalProj.app */;
			productType = "com.apple.product-type.application";
		};
/* End PBXNativeTarget section */

/* Begin PBXProject section */
		033244B22289307D005C743C /* Project object */ = {
			isa = PBXProject;
			attributes = {
				LastSwiftUpdateCheck = 1020;
				LastUpgradeCheck = 1020;
				ORGANIZATIONNAME = "Malik Studios";
				TargetAttributes = {
					033244B92289307D005C743C = {
						CreatedOnToolsVersion = 10.2.1;
					};
				};
			};
			buildConfigurationList = 033244B52289307D005C743C /* Build configuration list for PBXProject "FinalProj" */;
			compatibilityVersion = "Xcode 9.3";
			developmentRegion = en;
			hasScannedForEncodings = 0;
			knownRegions = (
				en,
				Base,
			);
			mainGroup = 033244B12289307D005C743C;
			productRefGroup = 033244BB2289307D005C743C /* Products */;
			projectDirPath = "";
			projectRoot = "";
			targets = (
				033244B92289307D005C743C /* FinalProj */,
			);
		};
/* End PBXProject section */

/* Begin PBXResourcesBuildPhase section */
		033244B82289307D005C743C /* Resources */ = {
			isa = PBXResourcesBuildPhase;
			buildActionMask = 2147483647;
			files = (
				033244C82289307E005C743C /* LaunchScreen.storyboard in Resources */,
				033244C52289307E005C743C /* Assets.xcassets in Resources */,
				033244C32289307D005C743C /* Main.storyboard in Resources */,
			);
			runOnlyForDeploymentPostprocessing = 0;
		};
/* End PBXResourcesBuildPhase section */

/* Begin PBXShellScriptBuildPhase section */
		C25D253B4EBF246FB5F44463 /* [CP] Embed Pods Frameworks */ = {
			isa = PBXShellScriptBuildPhase;
			buildActionMask = 2147483647;
			files = (
			);
			inputFileListPaths = (
			);
			inputPaths = (
				"${PODS_ROOT}/Target Support Files/Pods-FinalProj/Pods-FinalProj-frameworks.sh",
				"${BUILT_PRODUCTS_DIR}/Alamofire/Alamofire.framework",
				"${BUILT_PRODUCTS_DIR}/SwiftyJSON/SwiftyJSON.framework",
			);
			name = "[CP] Embed Pods Frameworks";
			outputFileListPaths = (
			);
			outputPaths = (
				"${TARGET_BUILD_DIR}/${FRAMEWORKS_FOLDER_PATH}/Alamofire.framework",
				"${TARGET_BUILD_DIR}/${FRAMEWORKS_FOLDER_PATH}/SwiftyJSON.framework",
			);
			runOnlyForDeploymentPostprocessing = 0;
			shellPath = /bin/sh;
			shellScript = "\"${PODS_ROOT}/Target Support Files/Pods-FinalProj/Pods-FinalProj-frameworks.sh\"\n";
			showEnvVarsInLog = 0;
		};
		E7A1140B6BCF752D4BDCE902 /* [CP] Check Pods Manifest.lock */ = {
			isa = PBXShellScriptBuildPhase;
			buildActionMask = 2147483647;
			files = (
			);
			inputFileListPaths = (
			);
			inputPaths = (
				"${PODS_PODFILE_DIR_PATH}/Podfile.lock",
				"${PODS_ROOT}/Manifest.lock",
			);
			name = "[CP] Check Pods Manifest.lock";
			outputFileListPaths = (
			);
			outputPaths = (
				"$(DERIVED_FILE_DIR)/Pods-FinalProj-checkManifestLockResult.txt",
			);
			runOnlyForDeploymentPostprocessing = 0;
			shellPath = /bin/sh;
			shellScript = "diff \"${PODS_PODFILE_DIR_PATH}/Podfile.lock\" \"${PODS_ROOT}/Manifest.lock\" > /dev/null\nif [ $? != 0 ] ; then\n    # print error to STDERR\n    echo \"error: The sandbox is not in sync with the Podfile.lock. Run 'pod install' or update your CocoaPods installation.\" >&2\n    exit 1\nfi\n# This output is used by Xcode 'outputs' to avoid re-running this script phase.\necho \"SUCCESS\" > \"${SCRIPT_OUTPUT_FILE_0}\"\n";
			showEnvVarsInLog = 0;
		};
/* End PBXShellScriptBuildPhase section */

/* Begin PBXSourcesBuildPhase section */
		033244B62289307D005C743C /* Sources */ = {
			isa = PBXSourcesBuildPhase;
			buildActionMask = 2147483647;
			files = (
				033244C02289307D005C743C /* ViewController.swift in Sources */,
				033244BE2289307D005C743C /* AppDelegate.swift in Sources */,
			);
			runOnlyForDeploymentPostprocessing = 0;
		};
/* End PBXSourcesBuildPhase section */

/* Begin PBXVariantGroup section */
		033244C12289307D005C743C /* Main.storyboard */ = {
			isa = PBXVariantGroup;
			children = (
				033244C22289307D005C743C /* Base */,
			);
			name = Main.storyboard;
			sourceTree = "<group>";
		};
		033244C62289307E005C743C /* LaunchScreen.storyboard */ = {
			isa = PBXVariantGroup;
			children = (
				033244C72289307E005C743C /* Base */,
			);
			name = LaunchScreen.storyboard;
			sourceTree = "<group>";
		};
/* End PBXVariantGroup section */

/* Begin XCBuildConfiguration section */
		033244CA2289307E005C743C /* Debug */ = {
			isa = XCBuildConfiguration;
			buildSettings = {
				ALWAYS_SEARCH_USER_PATHS = NO;
				CLANG_ANALYZER_NONNULL = YES;
				CLANG_ANALYZER_NUMBER_OBJECT_CONVERSION = YES_AGGRESSIVE;
				CLANG_CXX_LANGUAGE_STANDARD = "gnu++14";
				CLANG_CXX_LIBRARY = "libc++";
				CLANG_ENABLE_MODULES = YES;
				CLANG_ENABLE_OBJC_ARC = YES;
				CLANG_ENABLE_OBJC_WEAK = YES;
				CLANG_WARN_BLOCK_CAPTURE_AUTORELEASING = YES;
				CLANG_WARN_BOOL_CONVERSION = YES;
				CLANG_WARN_COMMA = YES;
				CLANG_WARN_CONSTANT_CONVERSION = YES;
				CLANG_WARN_DEPRECATED_OBJC_IMPLEMENTATIONS = YES;
				CLANG_WARN_DIRECT_OBJC_ISA_USAGE = YES_ERROR;
				CLANG_WARN_DOCUMENTATION_COMMENTS = YES;
				CLANG_WARN_EMPTY_BODY = YES;
				CLANG_WARN_ENUM_CONVERSION = YES;
				CLANG_WARN_INFINITE_RECURSION = YES;
				CLANG_WARN_INT_CONVERSION = YES;
				CLANG_WARN_NON_LITERAL_NULL_CONVERSION = YES;
				CLANG_WARN_OBJC_IMPLICIT_RETAIN_SELF = YES;
				CLANG_WARN_OBJC_LITERAL_CONVERSION = YES;
				CLANG_WARN_OBJC_ROOT_CLASS = YES_ERROR;
				CLANG_WARN_RANGE_LOOP_ANALYSIS = YES;
				CLANG_WARN_STRICT_PROTOTYPES = YES;
				CLANG_WARN_SUSPICIOUS_MOVE = YES;
				CLANG_WARN_UNGUARDED_AVAILABILITY = YES_AGGRESSIVE;
				CLANG_WARN_UNREACHABLE_CODE = YES;
				CLANG_WARN__DUPLICATE_METHOD_MATCH = YES;
				CODE_SIGN_IDENTITY = "iPhone Developer";
				COPY_PHASE_STRIP = NO;
				DEBUG_INFORMATION_FORMAT = dwarf;
				ENABLE_STRICT_OBJC_MSGSEND = YES;
				ENABLE_TESTABILITY = YES;
				GCC_C_LANGUAGE_STANDARD = gnu11;
				GCC_DYNAMIC_NO_PIC = NO;
				GCC_NO_COMMON_BLOCKS = YES;
				GCC_OPTIMIZATION_LEVEL = 0;
				GCC_PREPROCESSOR_DEFINITIONS = (
					"DEBUG=1",
					"$(inherited)",
				);
				GCC_WARN_64_TO_32_BIT_CONVERSION = YES;
				GCC_WARN_ABOUT_RETURN_TYPE = YES_ERROR;
				GCC_WARN_UNDECLARED_SELECTOR = YES;
				GCC_WARN_UNINITIALIZED_AUTOS = YES_AGGRESSIVE;
				GCC_WARN_UNUSED_FUNCTION = YES;
				GCC_WARN_UNUSED_VARIABLE = YES;
				IPHONEOS_DEPLOYMENT_TARGET = 12.2;
				MTL_ENABLE_DEBUG_INFO = INCLUDE_SOURCE;
				MTL_FAST_MATH = YES;
				ONLY_ACTIVE_ARCH = YES;
				SDKROOT = iphoneos;
				SWIFT_ACTIVE_COMPILATION_CONDITIONS = DEBUG;
				SWIFT_OPTIMIZATION_LEVEL = "-Onone";
			};
			name = Debug;
		};
		033244CB2289307F005C743C /* Release */ = {
			isa = XCBuildConfiguration;
			buildSettings = {
				ALWAYS_SEARCH_USER_PATHS = NO;
				CLANG_ANALYZER_NONNULL = YES;
				CLANG_ANALYZER_NUMBER_OBJECT_CONVERSION = YES_AGGRESSIVE;
				CLANG_CXX_LANGUAGE_STANDARD = "gnu++14";
				CLANG_CXX_LIBRARY = "libc++";
				CLANG_ENABLE_MODULES = YES;
				CLANG_ENABLE_OBJC_ARC = YES;
				CLANG_ENABLE_OBJC_WEAK = YES;
				CLANG_WARN_BLOCK_CAPTURE_AUTORELEASING = YES;
				CLANG_WARN_BOOL_CONVERSION = YES;
				CLANG_WARN_COMMA = YES;
				CLANG_WARN_CONSTANT_CONVERSION = YES;
				CLANG_WARN_DEPRECATED_OBJC_IMPLEMENTATIONS = YES;
				CLANG_WARN_DIRECT_OBJC_ISA_USAGE = YES_ERROR;
				CLANG_WARN_DOCUMENTATION_COMMENTS = YES;
				CLANG_WARN_EMPTY_BODY = YES;
				CLANG_WARN_ENUM_CONVERSION = YES;
				CLANG_WARN_INFINITE_RECURSION = YES;
				CLANG_WARN_INT_CONVERSION = YES;
				CLANG_WARN_NON_LITERAL_NULL_CONVERSION = YES;
				CLANG_WARN_OBJC_IMPLICIT_RETAIN_SELF = YES;
				CLANG_WARN_OBJC_LITERAL_CONVERSION = YES;
				CLANG_WARN_OBJC_ROOT_CLASS = YES_ERROR;
				CLANG_WARN_RANGE_LOOP_ANALYSIS = YES;
				CLANG_WARN_STRICT_PROTOTYPES = YES;
				CLANG_WARN_SUSPICIOUS_MOVE = YES;
				CLANG_WARN_UNGUARDED_AVAILABILITY = YES_AGGRESSIVE;
				CLANG_WARN_UNREACHABLE_CODE = YES;
				CLANG_WARN__DUPLICATE_METHOD_MATCH = YES;
				CODE_SIGN_IDENTITY = "iPhone Developer";
				COPY_PHASE_STRIP = NO;
				DEBUG_INFORMATION_FORMAT = "dwarf-with-dsym";
				ENABLE_NS_ASSERTIONS = NO;
				ENABLE_STRICT_OBJC_MSGSEND = YES;
				GCC_C_LANGUAGE_STANDARD = gnu11;
				GCC_NO_COMMON_BLOCKS = YES;
				GCC_WARN_64_TO_32_BIT_CONVERSION = YES;
				GCC_WARN_ABOUT_RETURN_TYPE = YES_ERROR;
				GCC_WARN_UNDECLARED_SELECTOR = YES;
				GCC_WARN_UNINITIALIZED_AUTOS = YES_AGGRESSIVE;
				GCC_WARN_UNUSED_FUNCTION = YES;
				GCC_WARN_UNUSED_VARIABLE = YES;
				IPHONEOS_DEPLOYMENT_TARGET = 12.2;
				MTL_ENABLE_DEBUG_INFO = NO;
				MTL_FAST_MATH = YES;
				SDKROOT = iphoneos;
				SWIFT_COMPILATION_MODE = wholemodule;
				SWIFT_OPTIMIZATION_LEVEL = "-O";
				VALIDATE_PRODUCT = YES;
			};
			name = Release;
		};
		033244CD2289307F005C743C /* Debug */ = {
			isa = XCBuildConfiguration;
			baseConfigurationReference = C9B65C259E9BF7A869A34D82 /* Pods-FinalProj.debug.xcconfig */;
			buildSettings = {
				ASSETCATALOG_COMPILER_APPICON_NAME = AppIcon;
				CODE_SIGN_STYLE = Automatic;
				DEVELOPMENT_TEAM = UF8W267V78;
				INFOPLIST_FILE = FinalProj/Info.plist;
				LD_RUNPATH_SEARCH_PATHS = (
					"$(inherited)",
					"@executable_path/Frameworks",
				);
				PRODUCT_BUNDLE_IDENTIFIER = com.malikstudios.FinalProj;
				PRODUCT_NAME = "$(TARGET_NAME)";
				SWIFT_VERSION = 5.0;
				TARGETED_DEVICE_FAMILY = "1,2";
			};
			name = Debug;
		};
		033244CE2289307F005C743C /* Release */ = {
			isa = XCBuildConfiguration;
			baseConfigurationReference = A376D24F5379C33E90DA2783 /* Pods-FinalProj.release.xcconfig */;
			buildSettings = {
				ASSETCATALOG_COMPILER_APPICON_NAME = AppIcon;
				CODE_SIGN_STYLE = Automatic;
				DEVELOPMENT_TEAM = UF8W267V78;
				INFOPLIST_FILE = FinalProj/Info.plist;
				LD_RUNPATH_SEARCH_PATHS = (
					"$(inherited)",
					"@executable_path/Frameworks",
				);
				PRODUCT_BUNDLE_IDENTIFIER = com.malikstudios.FinalProj;
				PRODUCT_NAME = "$(TARGET_NAME)";
				SWIFT_VERSION = 5.0;
				TARGETED_DEVICE_FAMILY = "1,2";
			};
			name = Release;
		};
/* End XCBuildConfiguration section */

/* Begin XCConfigurationList section */
		033244B52289307D005C743C /* Build configuration list for PBXProject "FinalProj" */ = {
			isa = XCConfigurationList;
			buildConfigurations = (
				033244CA2289307E005C743C /* Debug */,
				033244CB2289307F005C743C /* Release */,
			);
			defaultConfigurationIsVisible = 0;
			defaultConfigurationName = Release;
		};
		033244CC2289307F005C743C /* Build configuration list for PBXNativeTarget "FinalProj" */ = {
			isa = XCConfigurationList;
			buildConfigurations = (
				033244CD2289307F005C743C /* Debug */,
				033244CE2289307F005C743C /* Release */,
			);
			defaultConfigurationIsVisible = 0;
			defaultConfigurationName = Release;
		};
/* End XCConfigurationList section */
	};
	rootObject = 033244B22289307D005C743C /* Project object */;
}
