// !$*UTF8*$!
{
	archiveVersion = 1;
	classes = {
	};
	objectVersion = 50;
	objects = {

/* Begin PBXBuildFile section */
		030FFAD922878DAD007FDB62 /* AppDelegate.swift in Sources */ = {isa = PBXBuildFile; fileRef = 030FFAD822878DAD007FDB62 /* AppDelegate.swift */; };
		030FFADB22878DAD007FDB62 /* ViewController.swift in Sources */ = {isa = PBXBuildFile; fileRef = 030FFADA22878DAD007FDB62 /* ViewController.swift */; };
		030FFADE22878DAD007FDB62 /* Main.storyboard in Resources */ = {isa = PBXBuildFile; fileRef = 030FFADC22878DAD007FDB62 /* Main.storyboard */; };
		030FFAE022878DAE007FDB62 /* Assets.xcassets in Resources */ = {isa = PBXBuildFile; fileRef = 030FFADF22878DAE007FDB62 /* Assets.xcassets */; };
		030FFAE322878DAE007FDB62 /* LaunchScreen.storyboard in Resources */ = {isa = PBXBuildFile; fileRef = 030FFAE122878DAE007FDB62 /* LaunchScreen.storyboard */; };
		1568E1B721AC507D1C076FFB /* Pods_cocoa.framework in Frameworks */ = {isa = PBXBuildFile; fileRef = 47941488E564DCD7F500349C /* Pods_cocoa.framework */; };
/* End PBXBuildFile section */

/* Begin PBXFileReference section */
		030FFAD522878DAD007FDB62 /* cocoa.app */ = {isa = PBXFileReference; explicitFileType = wrapper.application; includeInIndex = 0; path = cocoa.app; sourceTree = BUILT_PRODUCTS_DIR; };
		030FFAD822878DAD007FDB62 /* AppDelegate.swift */ = {isa = PBXFileReference; lastKnownFileType = sourcecode.swift; path = AppDelegate.swift; sourceTree = "<group>"; };
		030FFADA22878DAD007FDB62 /* ViewController.swift */ = {isa = PBXFileReference; lastKnownFileType = sourcecode.swift; path = ViewController.swift; sourceTree = "<group>"; };
		030FFADD22878DAD007FDB62 /* Base */ = {isa = PBXFileReference; lastKnownFileType = file.storyboard; name = Base; path = Base.lproj/Main.storyboard; sourceTree = "<group>"; };
		030FFADF22878DAE007FDB62 /* Assets.xcassets */ = {isa = PBXFileReference; lastKnownFileType = folder.assetcatalog; path = Assets.xcassets; sourceTree = "<group>"; };
		030FFAE222878DAE007FDB62 /* Base */ = {isa = PBXFileReference; lastKnownFileType = file.storyboard; name = Base; path = Base.lproj/LaunchScreen.storyboard; sourceTree = "<group>"; };
		030FFAE422878DAE007FDB62 /* Info.plist */ = {isa = PBXFileReference; lastKnownFileType = text.plist.xml; path = Info.plist; sourceTree = "<group>"; };
		11CB17F978B4B66ED25CEA86 /* Pods-cocoa.release.xcconfig */ = {isa = PBXFileReference; includeInIndex = 1; lastKnownFileType = text.xcconfig; name = "Pods-cocoa.release.xcconfig"; path = "Target Support Files/Pods-cocoa/Pods-cocoa.release.xcconfig"; sourceTree = "<group>"; };
		420C8C52D1D89F68E842E14C /* Pods-cocoa.debug.xcconfig */ = {isa = PBXFileReference; includeInIndex = 1; lastKnownFileType = text.xcconfig; name = "Pods-cocoa.debug.xcconfig"; path = "Target Support Files/Pods-cocoa/Pods-cocoa.debug.xcconfig"; sourceTree = "<group>"; };
		47941488E564DCD7F500349C /* Pods_cocoa.framework */ = {isa = PBXFileReference; explicitFileType = wrapper.framework; includeInIndex = 0; path = Pods_cocoa.framework; sourceTree = BUILT_PRODUCTS_DIR; };
/* End PBXFileReference section */

/* Begin PBXFrameworksBuildPhase section */
		030FFAD222878DAD007FDB62 /* Frameworks */ = {
			isa = PBXFrameworksBuildPhase;
			buildActionMask = 2147483647;
			files = (
				1568E1B721AC507D1C076FFB /* Pods_cocoa.framework in Frameworks */,
			);
			runOnlyForDeploymentPostprocessing = 0;
		};
/* End PBXFrameworksBuildPhase section */

/* Begin PBXGroup section */
		030FFACC22878DAC007FDB62 = {
			isa = PBXGroup;
			children = (
				030FFAD722878DAD007FDB62 /* cocoa */,
				030FFAD622878DAD007FDB62 /* Products */,
				7970349B3FA1D6F7727925F3 /* Pods */,
				97EBE89FDA177CB32B07E71E /* Frameworks */,
			);
			sourceTree = "<group>";
		};
		030FFAD622878DAD007FDB62 /* Products */ = {
			isa = PBXGroup;
			children = (
				030FFAD522878DAD007FDB62 /* cocoa.app */,
			);
			name = Products;
			sourceTree = "<group>";
		};
		030FFAD722878DAD007FDB62 /* cocoa */ = {
			isa = PBXGroup;
			children = (
				030FFAD822878DAD007FDB62 /* AppDelegate.swift */,
				030FFADA22878DAD007FDB62 /* ViewController.swift */,
				030FFADC22878DAD007FDB62 /* Main.storyboard */,
				030FFADF22878DAE007FDB62 /* Assets.xcassets */,
				030FFAE122878DAE007FDB62 /* LaunchScreen.storyboard */,
				030FFAE422878DAE007FDB62 /* Info.plist */,
			);
			path = cocoa;
			sourceTree = "<group>";
		};
		7970349B3FA1D6F7727925F3 /* Pods */ = {
			isa = PBXGroup;
			children = (
				420C8C52D1D89F68E842E14C /* Pods-cocoa.debug.xcconfig */,
				11CB17F978B4B66ED25CEA86 /* Pods-cocoa.release.xcconfig */,
			);
			name = Pods;
			path = Pods;
			sourceTree = "<group>";
		};
		97EBE89FDA177CB32B07E71E /* Frameworks */ = {
			isa = PBXGroup;
			children = (
				47941488E564DCD7F500349C /* Pods_cocoa.framework */,
			);
			name = Frameworks;
			sourceTree = "<group>";
		};
/* End PBXGroup section */

/* Begin PBXNativeTarget section */
		030FFAD422878DAD007FDB62 /* cocoa */ = {
			isa = PBXNativeTarget;
			buildConfigurationList = 030FFAE722878DAE007FDB62 /* Build configuration list for PBXNativeTarget "cocoa" */;
			buildPhases = (
				07BB9B005E131853B334D10B /* [CP] Check Pods Manifest.lock */,
				030FFAD122878DAD007FDB62 /* Sources */,
				030FFAD222878DAD007FDB62 /* Frameworks */,
				030FFAD322878DAD007FDB62 /* Resources */,
				E9A3980FE5A910854119064B /* [CP] Embed Pods Frameworks */,
			);
			buildRules = (
			);
			dependencies = (
			);
			name = cocoa;
			productName = cocoa;
			productReference = 030FFAD522878DAD007FDB62 /* cocoa.app */;
			productType = "com.apple.product-type.application";
		};
/* End PBXNativeTarget section */

/* Begin PBXProject section */
		030FFACD22878DAC007FDB62 /* Project object */ = {
			isa = PBXProject;
			attributes = {
				LastSwiftUpdateCheck = 1020;
				LastUpgradeCheck = 1020;
				ORGANIZATIONNAME = "Malik Studios";
				TargetAttributes = {
					030FFAD422878DAD007FDB62 = {
						CreatedOnToolsVersion = 10.2.1;
					};
				};
			};
			buildConfigurationList = 030FFAD022878DAD007FDB62 /* Build configuration list for PBXProject "cocoa" */;
			compatibilityVersion = "Xcode 9.3";
			developmentRegion = en;
			hasScannedForEncodings = 0;
			knownRegions = (
				en,
				Base,
			);
			mainGroup = 030FFACC22878DAC007FDB62;
			productRefGroup = 030FFAD622878DAD007FDB62 /* Products */;
			projectDirPath = "";
			projectRoot = "";
			targets = (
				030FFAD422878DAD007FDB62 /* cocoa */,
			);
		};
/* End PBXProject section */

/* Begin PBXResourcesBuildPhase section */
		030FFAD322878DAD007FDB62 /* Resources */ = {
			isa = PBXResourcesBuildPhase;
			buildActionMask = 2147483647;
			files = (
				030FFAE322878DAE007FDB62 /* LaunchScreen.storyboard in Resources */,
				030FFAE022878DAE007FDB62 /* Assets.xcassets in Resources */,
				030FFADE22878DAD007FDB62 /* Main.storyboard in Resources */,
			);
			runOnlyForDeploymentPostprocessing = 0;
		};
/* End PBXResourcesBuildPhase section */

/* Begin PBXShellScriptBuildPhase section */
		07BB9B005E131853B334D10B /* [CP] Check Pods Manifest.lock */ = {
			isa = PBXShellScriptBuildPhase;
			buildActionMask = 2147483647;
			files = (
			);
			inputFileListPaths = (
			);
			inputPaths = (
				"${PODS_PODFILE_DIR_PATH}/Podfile.lock",
				"${PODS_ROOT}/Manifest.lock",
			);
			name = "[CP] Check Pods Manifest.lock";
			outputFileListPaths = (
			);
			outputPaths = (
				"$(DERIVED_FILE_DIR)/Pods-cocoa-checkManifestLockResult.txt",
			);
			runOnlyForDeploymentPostprocessing = 0;
			shellPath = /bin/sh;
			shellScript = "diff \"${PODS_PODFILE_DIR_PATH}/Podfile.lock\" \"${PODS_ROOT}/Manifest.lock\" > /dev/null\nif [ $? != 0 ] ; then\n    # print error to STDERR\n    echo \"error: The sandbox is not in sync with the Podfile.lock. Run 'pod install' or update your CocoaPods installation.\" >&2\n    exit 1\nfi\n# This output is used by Xcode 'outputs' to avoid re-running this script phase.\necho \"SUCCESS\" > \"${SCRIPT_OUTPUT_FILE_0}\"\n";
			showEnvVarsInLog = 0;
		};
		E9A3980FE5A910854119064B /* [CP] Embed Pods Frameworks */ = {
			isa = PBXShellScriptBuildPhase;
			buildActionMask = 2147483647;
			files = (
			);
			inputFileListPaths = (
			);
			inputPaths = (
				"${PODS_ROOT}/Target Support Files/Pods-cocoa/Pods-cocoa-frameworks.sh",
				"${BUILT_PRODUCTS_DIR}/Alamofire/Alamofire.framework",
			);
			name = "[CP] Embed Pods Frameworks";
			outputFileListPaths = (
			);
			outputPaths = (
				"${TARGET_BUILD_DIR}/${FRAMEWORKS_FOLDER_PATH}/Alamofire.framework",
			);
			runOnlyForDeploymentPostprocessing = 0;
			shellPath = /bin/sh;
			shellScript = "\"${PODS_ROOT}/Target Support Files/Pods-cocoa/Pods-cocoa-frameworks.sh\"\n";
			showEnvVarsInLog = 0;
		};
/* End PBXShellScriptBuildPhase section */

/* Begin PBXSourcesBuildPhase section */
		030FFAD122878DAD007FDB62 /* Sources */ = {
			isa = PBXSourcesBuildPhase;
			buildActionMask = 2147483647;
			files = (
				030FFADB22878DAD007FDB62 /* ViewController.swift in Sources */,
				030FFAD922878DAD007FDB62 /* AppDelegate.swift in Sources */,
			);
			runOnlyForDeploymentPostprocessing = 0;
		};
/* End PBXSourcesBuildPhase section */

/* Begin PBXVariantGroup section */
		030FFADC22878DAD007FDB62 /* Main.storyboard */ = {
			isa = PBXVariantGroup;
			children = (
				030FFADD22878DAD007FDB62 /* Base */,
			);
			name = Main.storyboard;
			sourceTree = "<group>";
		};
		030FFAE122878DAE007FDB62 /* LaunchScreen.storyboard */ = {
			isa = PBXVariantGroup;
			children = (
				030FFAE222878DAE007FDB62 /* Base */,
			);
			name = LaunchScreen.storyboard;
			sourceTree = "<group>";
		};
/* End PBXVariantGroup section */

/* Begin XCBuildConfiguration section */
		030FFAE522878DAE007FDB62 /* Debug */ = {
			isa = XCBuildConfiguration;
			buildSettings = {
				ALWAYS_SEARCH_USER_PATHS = NO;
				CLANG_ANALYZER_NONNULL = YES;
				CLANG_ANALYZER_NUMBER_OBJECT_CONVERSION = YES_AGGRESSIVE;
				CLANG_CXX_LANGUAGE_STANDARD = "gnu++14";
				CLANG_CXX_LIBRARY = "libc++";
				CLANG_ENABLE_MODULES = YES;
				CLANG_ENABLE_OBJC_ARC = YES;
				CLANG_ENABLE_OBJC_WEAK = YES;
				CLANG_WARN_BLOCK_CAPTURE_AUTORELEASING = YES;
				CLANG_WARN_BOOL_CONVERSION = YES;
				CLANG_WARN_COMMA = YES;
				CLANG_WARN_CONSTANT_CONVERSION = YES;
				CLANG_WARN_DEPRECATED_OBJC_IMPLEMENTATIONS = YES;
				CLANG_WARN_DIRECT_OBJC_ISA_USAGE = YES_ERROR;
				CLANG_WARN_DOCUMENTATION_COMMENTS = YES;
				CLANG_WARN_EMPTY_BODY = YES;
				CLANG_WARN_ENUM_CONVERSION = YES;
				CLANG_WARN_INFINITE_RECURSION = YES;
				CLANG_WARN_INT_CONVERSION = YES;
				CLANG_WARN_NON_LITERAL_NULL_CONVERSION = YES;
				CLANG_WARN_OBJC_IMPLICIT_RETAIN_SELF = YES;
				CLANG_WARN_OBJC_LITERAL_CONVERSION = YES;
				CLANG_WARN_OBJC_ROOT_CLASS = YES_ERROR;
				CLANG_WARN_RANGE_LOOP_ANALYSIS = YES;
				CLANG_WARN_STRICT_PROTOTYPES = YES;
				CLANG_WARN_SUSPICIOUS_MOVE = YES;
				CLANG_WARN_UNGUARDED_AVAILABILITY = YES_AGGRESSIVE;
				CLANG_WARN_UNREACHABLE_CODE = YES;
				CLANG_WARN__DUPLICATE_METHOD_MATCH = YES;
				CODE_SIGN_IDENTITY = "iPhone Developer";
				COPY_PHASE_STRIP = NO;
				DEBUG_INFORMATION_FORMAT = dwarf;
				ENABLE_STRICT_OBJC_MSGSEND = YES;
				ENABLE_TESTABILITY = YES;
				GCC_C_LANGUAGE_STANDARD = gnu11;
				GCC_DYNAMIC_NO_PIC = NO;
				GCC_NO_COMMON_BLOCKS = YES;
				GCC_OPTIMIZATION_LEVEL = 0;
				GCC_PREPROCESSOR_DEFINITIONS = (
					"DEBUG=1",
					"$(inherited)",
				);
				GCC_WARN_64_TO_32_BIT_CONVERSION = YES;
				GCC_WARN_ABOUT_RETURN_TYPE = YES_ERROR;
				GCC_WARN_UNDECLARED_SELECTOR = YES;
				GCC_WARN_UNINITIALIZED_AUTOS = YES_AGGRESSIVE;
				GCC_WARN_UNUSED_FUNCTION = YES;
				GCC_WARN_UNUSED_VARIABLE = YES;
				IPHONEOS_DEPLOYMENT_TARGET = 12.2;
				MTL_ENABLE_DEBUG_INFO = INCLUDE_SOURCE;
				MTL_FAST_MATH = YES;
				ONLY_ACTIVE_ARCH = YES;
				SDKROOT = iphoneos;
				SWIFT_ACTIVE_COMPILATION_CONDITIONS = DEBUG;
				SWIFT_OPTIMIZATION_LEVEL = "-Onone";
			};
			name = Debug;
		};
		030FFAE622878DAE007FDB62 /* Release */ = {
			isa = XCBuildConfiguration;
			buildSettings = {
				ALWAYS_SEARCH_USER_PATHS = NO;
				CLANG_ANALYZER_NONNULL = YES;
				CLANG_ANALYZER_NUMBER_OBJECT_CONVERSION = YES_AGGRESSIVE;
				CLANG_CXX_LANGUAGE_STANDARD = "gnu++14";
				CLANG_CXX_LIBRARY = "libc++";
				CLANG_ENABLE_MODULES = YES;
				CLANG_ENABLE_OBJC_ARC = YES;
				CLANG_ENABLE_OBJC_WEAK = YES;
				CLANG_WARN_BLOCK_CAPTURE_AUTORELEASING = YES;
				CLANG_WARN_BOOL_CONVERSION = YES;
				CLANG_WARN_COMMA = YES;
				CLANG_WARN_CONSTANT_CONVERSION = YES;
				CLANG_WARN_DEPRECATED_OBJC_IMPLEMENTATIONS = YES;
				CLANG_WARN_DIRECT_OBJC_ISA_USAGE = YES_ERROR;
				CLANG_WARN_DOCUMENTATION_COMMENTS = YES;
				CLANG_WARN_EMPTY_BODY = YES;
				CLANG_WARN_ENUM_CONVERSION = YES;
				CLANG_WARN_INFINITE_RECURSION = YES;
				CLANG_WARN_INT_CONVERSION = YES;
				CLANG_WARN_NON_LITERAL_NULL_CONVERSION = YES;
				CLANG_WARN_OBJC_IMPLICIT_RETAIN_SELF = YES;
				CLANG_WARN_OBJC_LITERAL_CONVERSION = YES;
				CLANG_WARN_OBJC_ROOT_CLASS = YES_ERROR;
				CLANG_WARN_RANGE_LOOP_ANALYSIS = YES;
				CLANG_WARN_STRICT_PROTOTYPES = YES;
				CLANG_WARN_SUSPICIOUS_MOVE = YES;
				CLANG_WARN_UNGUARDED_AVAILABILITY = YES_AGGRESSIVE;
				CLANG_WARN_UNREACHABLE_CODE = YES;
				CLANG_WARN__DUPLICATE_METHOD_MATCH = YES;
				CODE_SIGN_IDENTITY = "iPhone Developer";
				COPY_PHASE_STRIP = NO;
				DEBUG_INFORMATION_FORMAT = "dwarf-with-dsym";
				ENABLE_NS_ASSERTIONS = NO;
				ENABLE_STRICT_OBJC_MSGSEND = YES;
				GCC_C_LANGUAGE_STANDARD = gnu11;
				GCC_NO_COMMON_BLOCKS = YES;
				GCC_WARN_64_TO_32_BIT_CONVERSION = YES;
				GCC_WARN_ABOUT_RETURN_TYPE = YES_ERROR;
				GCC_WARN_UNDECLARED_SELECTOR = YES;
				GCC_WARN_UNINITIALIZED_AUTOS = YES_AGGRESSIVE;
				GCC_WARN_UNUSED_FUNCTION = YES;
				GCC_WARN_UNUSED_VARIABLE = YES;
				IPHONEOS_DEPLOYMENT_TARGET = 12.2;
				MTL_ENABLE_DEBUG_INFO = NO;
				MTL_FAST_MATH = YES;
				SDKROOT = iphoneos;
				SWIFT_COMPILATION_MODE = wholemodule;
				SWIFT_OPTIMIZATION_LEVEL = "-O";
				VALIDATE_PRODUCT = YES;
			};
			name = Release;
		};
		030FFAE822878DAE007FDB62 /* Debug */ = {
			isa = XCBuildConfiguration;
			baseConfigurationReference = 420C8C52D1D89F68E842E14C /* Pods-cocoa.debug.xcconfig */;
			buildSettings = {
				ASSETCATALOG_COMPILER_APPICON_NAME = AppIcon;
				CODE_SIGN_STYLE = Automatic;
				DEVELOPMENT_TEAM = UF8W267V78;
				INFOPLIST_FILE = cocoa/Info.plist;
				LD_RUNPATH_SEARCH_PATHS = (
					"$(inherited)",
					"@executable_path/Frameworks",
				);
				PRODUCT_BUNDLE_IDENTIFIER = com.malikstudios.cocoa;
				PRODUCT_NAME = "$(TARGET_NAME)";
				SWIFT_VERSION = 5.0;
				TARGETED_DEVICE_FAMILY = "1,2";
			};
			name = Debug;
		};
		030FFAE922878DAE007FDB62 /* Release */ = {
			isa = XCBuildConfiguration;
			baseConfigurationReference = 11CB17F978B4B66ED25CEA86 /* Pods-cocoa.release.xcconfig */;
			buildSettings = {
				ASSETCATALOG_COMPILER_APPICON_NAME = AppIcon;
				CODE_SIGN_STYLE = Automatic;
				DEVELOPMENT_TEAM = UF8W267V78;
				INFOPLIST_FILE = cocoa/Info.plist;
				LD_RUNPATH_SEARCH_PATHS = (
					"$(inherited)",
					"@executable_path/Frameworks",
				);
				PRODUCT_BUNDLE_IDENTIFIER = com.malikstudios.cocoa;
				PRODUCT_NAME = "$(TARGET_NAME)";
				SWIFT_VERSION = 5.0;
				TARGETED_DEVICE_FAMILY = "1,2";
			};
			name = Release;
		};
/* End XCBuildConfiguration section */

/* Begin XCConfigurationList section */
		030FFAD022878DAD007FDB62 /* Build configuration list for PBXProject "cocoa" */ = {
			isa = XCConfigurationList;
			buildConfigurations = (
				030FFAE522878DAE007FDB62 /* Debug */,
				030FFAE622878DAE007FDB62 /* Release */,
			);
			defaultConfigurationIsVisible = 0;
			defaultConfigurationName = Release;
		};
		030FFAE722878DAE007FDB62 /* Build configuration list for PBXNativeTarget "cocoa" */ = {
			isa = XCConfigurationList;
			buildConfigurations = (
				030FFAE822878DAE007FDB62 /* Debug */,
				030FFAE922878DAE007FDB62 /* Release */,
			);
			defaultConfigurationIsVisible = 0;
			defaultConfigurationName = Release;
		};
/* End XCConfigurationList section */
	};
	rootObject = 030FFACD22878DAC007FDB62 /* Project object */;
}
